# THIS IS AN AUTOGENERATED FILE. DO NOT EDIT THIS FILE DIRECTLY.
# yarn lockfile v1


"@babel/runtime@^7.20.13":
  version "7.21.0"
  resolved "https://registry.yarnpkg.com/@babel/runtime/-/runtime-7.21.0.tgz#5b55c9d394e5fcf304909a8b00c07dc217b56673"
  integrity sha512-xwII0//EObnq89Ji5AKYQaRYiW/nZ3llSv29d49IuxPhKbtJoLP+9QUUZ4nVragQVtaVGeZrpB+ZtG/Pdy/POw==
  dependencies:
    regenerator-runtime "^0.13.11"

"@panva/hkdf@^1.0.2":
  version "1.0.4"
  resolved "https://registry.yarnpkg.com/@panva/hkdf/-/hkdf-1.0.4.tgz#4e02bb248402ff6c5c024e23a68438e2b0e69d67"
  integrity sha512-003xWiCuvePbLaPHT+CRuaV4GlyCAVm6XYSbBZDHoWZGn1mNkVKFaDbGJjjxmEFvizUwlCoM6O18FCBMMky2zQ==

cookie@^0.5.0:
  version "0.5.0"
  resolved "https://registry.yarnpkg.com/cookie/-/cookie-0.5.0.tgz#d1f5d71adec6558c58f389987c366aa47e994f8b"
  integrity sha512-YZ3GUyn/o8gfKJlnlX7g7xq4gyO6OSuhGPKaaGssGB2qgDUS0gPgtTvoyZLTt9Ab6dC4hfc9dV5arkvc/OCmrw==

jose@^4.10.0, jose@^4.11.4:
  version "4.13.1"
  resolved "https://registry.yarnpkg.com/jose/-/jose-4.13.1.tgz#449111bb5ab171db85c03f1bd2cb1647ca06db1c"
  integrity sha512-MSJQC5vXco5Br38mzaQKiq9mwt7lwj2eXpgpRyQYNHYt2lq1PjkWa7DLXX0WVcQLE9HhMh3jPiufS7fhJf+CLQ==

lru-cache@^6.0.0:
  version "6.0.0"
  resolved "https://registry.yarnpkg.com/lru-cache/-/lru-cache-6.0.0.tgz#6d6fe6570ebd96aaf90fcad1dafa3b2566db3a94"
  integrity sha512-Jo6dJ04CmSjuznwJSS3pUeWmd/H0ffTlkXXgwZi+eq1UCmqQwCh+eLsYOYCwY991i2Fah4h1BEMCx4qThGbsiA==
  dependencies:
    yallist "^4.0.0"

next-auth@^4.20.1:
  version "4.20.1"
  resolved "https://registry.yarnpkg.com/next-auth/-/next-auth-4.20.1.tgz#6e65c4fde14171f6ce64f05f672f80f39fc418c7"
  integrity sha512-ZcTUN4qzzZ/zJYgOW0hMXccpheWtAol8QOMdMts+LYRcsPGsqf2hEityyaKyECQVw1cWInb9dF3wYwI5GZdEmQ==
  dependencies:
    "@babel/runtime" "^7.20.13"
    "@panva/hkdf" "^1.0.2"
    cookie "^0.5.0"
    jose "^4.11.4"
    oauth "^0.9.15"
    openid-client "^5.4.0"
    preact "^10.6.3"
    preact-render-to-string "^5.1.19"
    uuid "^8.3.2"

oauth@^0.9.15:
  version "0.9.15"
  resolved "https://registry.yarnpkg.com/oauth/-/oauth-0.9.15.tgz#bd1fefaf686c96b75475aed5196412ff60cfb9c1"
  integrity sha512-a5ERWK1kh38ExDEfoO6qUHJb32rd7aYmPHuyCu3Fta/cnICvYmgd2uhuKXvPD+PXB+gCEYYEaQdIRAjCOwAKNA==

object-hash@^2.0.1:
  version "2.2.0"
  resolved "https://registry.yarnpkg.com/object-hash/-/object-hash-2.2.0.tgz#5ad518581eefc443bd763472b8ff2e9c2c0d54a5"
  integrity sha512-gScRMn0bS5fH+IuwyIFgnh9zBdo4DV+6GhygmWM9HyNJSgS0hScp1f5vjtm7oIIOiT9trXrShAkLFSc2IqKNgw==

oidc-token-hash@^5.0.1:
  version "5.0.1"
  resolved "https://registry.yarnpkg.com/oidc-token-hash/-/oidc-token-hash-5.0.1.tgz#ae6beec3ec20f0fd885e5400d175191d6e2f10c6"
  integrity sha512-EvoOtz6FIEBzE+9q253HsLCVRiK/0doEJ2HCvvqMQb3dHZrP3WlJKYtJ55CRTw4jmYomzH4wkPuCj/I3ZvpKxQ==

openid-client@^5.4.0:
  version "5.4.0"
  resolved "https://registry.yarnpkg.com/openid-client/-/openid-client-5.4.0.tgz#77f1cda14e2911446f16ea3f455fc7c405103eac"
  integrity sha512-hgJa2aQKcM2hn3eyVtN12tEA45ECjTJPXCgUh5YzTzy9qwapCvmDTVPWOcWVL0d34zeQoQ/hbG9lJhl3AYxJlQ==
  dependencies:
    jose "^4.10.0"
    lru-cache "^6.0.0"
    object-hash "^2.0.1"
    oidc-token-hash "^5.0.1"

preact-render-to-string@^5.1.19:
  version "5.2.6"
  resolved "https://registry.yarnpkg.com/preact-render-to-string/-/preact-render-to-string-5.2.6.tgz#0ff0c86cd118d30affb825193f18e92bd59d0604"
  integrity sha512-JyhErpYOvBV1hEPwIxc/fHWXPfnEGdRKxc8gFdAZ7XV4tlzyzG847XAyEZqoDnynP88akM4eaHcSOzNcLWFguw==
  dependencies:
    pretty-format "^3.8.0"

preact@^10.6.3:
  version "10.13.1"
  resolved "https://registry.yarnpkg.com/preact/-/preact-10.13.1.tgz#d220bd8771b8fa197680d4917f3cefc5eed88720"
  integrity sha512-KyoXVDU5OqTpG9LXlB3+y639JAGzl8JSBXLn1J9HTSB3gbKcuInga7bZnXLlxmK94ntTs1EFeZp0lrja2AuBYQ==

pretty-format@^3.8.0:
  version "3.8.0"
  resolved "https://registry.yarnpkg.com/pretty-format/-/pretty-format-3.8.0.tgz#bfbed56d5e9a776645f4b1ff7aa1a3ac4fa3c385"
  integrity sha512-WuxUnVtlWL1OfZFQFuqvnvs6MiAGk9UNsBostyBOB0Is9wb5uRESevA6rnl/rkksXaGX3GzZhPup5d6Vp1nFew==

regenerator-runtime@^0.13.11:
  version "0.13.11"
  resolved "https://registry.yarnpkg.com/regenerator-runtime/-/regenerator-runtime-0.13.11.tgz#f6dca3e7ceec20590d07ada785636a90cdca17f9"
  integrity sha512-kY1AZVr2Ra+t+piVaJ4gxaFaReZVH40AKNo7UCX6W+dEwBo/2oZJzqfuN1qLq1oL45o56cPaTXELwrTh8Fpggg==

uuid@^8.3.2:
  version "8.3.2"
  resolved "https://registry.yarnpkg.com/uuid/-/uuid-8.3.2.tgz#80d5b5ced271bb9af6c445f21a1a04c606cefbe2"
  integrity sha512-+NYs2QeMWy+GWFOEm9xnn6HCDp0l7QBD7ml8zLUmJ+93Q5NF0NocErnwkTkXVFNiX3/fpC6afS8Dhb/gz7R7eg==

yallist@^4.0.0:
  version "4.0.0"
  resolved "https://registry.yarnpkg.com/yallist/-/yallist-4.0.0.tgz#9bb92790d9c0effec63be73519e11a35019a3a72"
  integrity sha512-3wdGidZyq5PB084XLES5TpOSRA3wjXAlIWMhum2kRcv/41Sn2emQ0dycQW4uZXLejwKvg6EsvbdlVL+FYEct7A==
